
Microsoft Visual Studio Solution File, Format Version 12.00
# Visual Studio Version 17
VisualStudioVersion = 17.0.31903.59
MinimumVisualStudioVersion = 10.0.40219.1
Project("{FAE04EC0-301F-11D3-BF4B-00C04F79EFBC}") = "GameStore.Api", "GameStore.Api\GameStore.Api.csproj", "{2D4FEEA4-F956-4995-85D1-DCF3620CAE60}"
EndProject
Project("{FAE04EC0-301F-11D3-BF4B-00C04F79EFBC}") = "GameStore.Frontend", "GameStore.Frontend\GameStore.Frontend.csproj", "{A748A742-6D4E-4929-B5FE-40B476B73D1A}"
EndProject
Global
	GlobalSection(SolutionConfigurationPlatforms) = preSolution
		Debug|Any CPU = Debug|Any CPU
		Release|Any CPU = Release|Any CPU
	EndGlobalSection
	GlobalSection(SolutionProperties) = preSolution
		HideSolutionNode = FALSE
	EndGlobalSection
	GlobalSection(ProjectConfigurationPlatforms) = postSolution
		{2D4FEEA4-F956-4995-85D1-DCF3620CAE60}.Debug|Any CPU.ActiveCfg = Debug|Any CPU
		{2D4FEEA4-F956-4995-85D1-DCF3620CAE60}.Debug|Any CPU.Build.0 = Debug|Any CPU
		{2D4FEEA4-F956-4995-85D1-DCF3620CAE60}.Release|Any CPU.ActiveCfg = Release|Any CPU
		{2D4FEEA4-F956-4995-85D1-DCF3620CAE60}.Release|Any CPU.Build.0 = Release|Any CPU
		{A748A742-6D4E-4929-B5FE-40B476B73D1A}.Debug|Any CPU.ActiveCfg = Debug|Any CPU
		{A748A742-6D4E-4929-B5FE-40B476B73D1A}.Debug|Any CPU.Build.0 = Debug|Any CPU
		{A748A742-6D4E-4929-B5FE-40B476B73D1A}.Release|Any CPU.ActiveCfg = Release|Any CPU
		{A748A742-6D4E-4929-B5FE-40B476B73D1A}.Release|Any CPU.Build.0 = Release|Any CPU
	EndGlobalSection
EndGlobal
